
Microsoft Visual Studio Solution File, Format Version 12.00
# Visual Studio Version 16
VisualStudioVersion = 16.0.29411.108
MinimumVisualStudioVersion = 10.0.40219.1
Project("{FAE04EC0-301F-11D3-BF4B-00C04F79EFBC}") = "Task1", "Task1\Task1.csproj", "{7108E7F2-AC68-4A1C-840C-3AFA1BCA9718}"
EndProject
Project("{FAE04EC0-301F-11D3-BF4B-00C04F79EFBC}") = "Task1.Tests", "Task1.Tests\Task1.Tests.csproj", "{EA6BACF0-0742-4070-93A7-5300280E40E0}"
EndProject
Project("{FAE04EC0-301F-11D3-BF4B-00C04F79EFBC}") = "Task2", "Task2\Task2.csproj", "{76B45A37-14DF-437D-BCE6-6798DBFDCFC8}"
EndProject
Project("{FAE04EC0-301F-11D3-BF4B-00C04F79EFBC}") = "Task2.Tests", "Task2.Tests\Task2.Tests.csproj", "{FC80A6D2-50C8-4069-988F-9078E2C9E6F2}"
EndProject
Global
	GlobalSection(SolutionConfigurationPlatforms) = preSolution
		Debug|Any CPU = Debug|Any CPU
		Release|Any CPU = Release|Any CPU
	EndGlobalSection
	GlobalSection(ProjectConfigurationPlatforms) = postSolution
		{7108E7F2-AC68-4A1C-840C-3AFA1BCA9718}.Debug|Any CPU.ActiveCfg = Debug|Any CPU
		{7108E7F2-AC68-4A1C-840C-3AFA1BCA9718}.Debug|Any CPU.Build.0 = Debug|Any CPU
		{7108E7F2-AC68-4A1C-840C-3AFA1BCA9718}.Release|Any CPU.ActiveCfg = Release|Any CPU
		{7108E7F2-AC68-4A1C-840C-3AFA1BCA9718}.Release|Any CPU.Build.0 = Release|Any CPU
		{EA6BACF0-0742-4070-93A7-5300280E40E0}.Debug|Any CPU.ActiveCfg = Debug|Any CPU
		{EA6BACF0-0742-4070-93A7-5300280E40E0}.Debug|Any CPU.Build.0 = Debug|Any CPU
		{EA6BACF0-0742-4070-93A7-5300280E40E0}.Release|Any CPU.ActiveCfg = Release|Any CPU
		{EA6BACF0-0742-4070-93A7-5300280E40E0}.Release|Any CPU.Build.0 = Release|Any CPU
		{76B45A37-14DF-437D-BCE6-6798DBFDCFC8}.Debug|Any CPU.ActiveCfg = Debug|Any CPU
		{76B45A37-14DF-437D-BCE6-6798DBFDCFC8}.Debug|Any CPU.Build.0 = Debug|Any CPU
		{76B45A37-14DF-437D-BCE6-6798DBFDCFC8}.Release|Any CPU.ActiveCfg = Release|Any CPU
		{76B45A37-14DF-437D-BCE6-6798DBFDCFC8}.Release|Any CPU.Build.0 = Release|Any CPU
		{FC80A6D2-50C8-4069-988F-9078E2C9E6F2}.Debug|Any CPU.ActiveCfg = Debug|Any CPU
		{FC80A6D2-50C8-4069-988F-9078E2C9E6F2}.Debug|Any CPU.Build.0 = Debug|Any CPU
		{FC80A6D2-50C8-4069-988F-9078E2C9E6F2}.Release|Any CPU.ActiveCfg = Release|Any CPU
		{FC80A6D2-50C8-4069-988F-9078E2C9E6F2}.Release|Any CPU.Build.0 = Release|Any CPU
	EndGlobalSection
	GlobalSection(SolutionProperties) = preSolution
		HideSolutionNode = FALSE
	EndGlobalSection
	GlobalSection(ExtensibilityGlobals) = postSolution
		SolutionGuid = {73CC8C1B-C3EA-4C0B-A855-7D2A9DE92D18}
	EndGlobalSection
EndGlobal
