
Microsoft Visual Studio Solution File, Format Version 12.00
# Visual Studio Version 16
VisualStudioVersion = 16.0.29411.108
MinimumVisualStudioVersion = 10.0.40219.1
Project("{FAE04EC0-301F-11D3-BF4B-00C04F79EFBC}") = "Task1", "Task1\Task1.csproj", "{7108E7F2-AC68-4A1C-840C-3AFA1BCA9718}"
EndProject
Global
	GlobalSection(SolutionConfigurationPlatforms) = preSolution
		Debug|Any CPU = Debug|Any CPU
		Release|Any CPU = Release|Any CPU
	EndGlobalSection
	GlobalSection(ProjectConfigurationPlatforms) = postSolution
		{7108E7F2-AC68-4A1C-840C-3AFA1BCA9718}.Debug|Any CPU.ActiveCfg = Debug|Any CPU
		{7108E7F2-AC68-4A1C-840C-3AFA1BCA9718}.Debug|Any CPU.Build.0 = Debug|Any CPU
		{7108E7F2-AC68-4A1C-840C-3AFA1BCA9718}.Release|Any CPU.ActiveCfg = Release|Any CPU
		{7108E7F2-AC68-4A1C-840C-3AFA1BCA9718}.Release|Any CPU.Build.0 = Release|Any CPU
	EndGlobalSection
	GlobalSection(SolutionProperties) = preSolution
		HideSolutionNode = FALSE
	EndGlobalSection
	GlobalSection(ExtensibilityGlobals) = postSolution
		SolutionGuid = {73CC8C1B-C3EA-4C0B-A855-7D2A9DE92D18}
	EndGlobalSection
EndGlobal
